
Microsoft Visual Studio Solution File, Format Version 12.00
# Visual Studio Version 17
VisualStudioVersion = 17.7.34202.233
MinimumVisualStudioVersion = 10.0.40219.1
Project("{FAE04EC0-301F-11D3-BF4B-00C04F79EFBC}") = "InventoryManagement", "InventoryManagement.csproj", "{13FB05B0-C5F0-4801-9933-516BD041D7FF}"
EndProject
Global
	GlobalSection(SolutionConfigurationPlatforms) = preSolution
		Debug|Any CPU = Debug|Any CPU
		Release|Any CPU = Release|Any CPU
	EndGlobalSection
	GlobalSection(ProjectConfigurationPlatforms) = postSolution
		{13FB05B0-C5F0-4801-9933-516BD041D7FF}.Debug|Any CPU.ActiveCfg = Debug|Any CPU
		{13FB05B0-C5F0-4801-9933-516BD041D7FF}.Debug|Any CPU.Build.0 = Debug|Any CPU
		{13FB05B0-C5F0-4801-9933-516BD041D7FF}.Release|Any CPU.ActiveCfg = Release|Any CPU
		{13FB05B0-C5F0-4801-9933-516BD041D7FF}.Release|Any CPU.Build.0 = Release|Any CPU
	EndGlobalSection
	GlobalSection(SolutionProperties) = preSolution
		HideSolutionNode = FALSE
	EndGlobalSection
	GlobalSection(ExtensibilityGlobals) = postSolution
		SolutionGuid = {411EA113-01FA-4479-A2E7-1A683AB0D0D7}
	EndGlobalSection
EndGlobal
